
Microsoft Visual Studio Solution File, Format Version 12.00
# Visual Studio Version 16
VisualStudioVersion = 16.0.32929.386
MinimumVisualStudioVersion = 10.0.40219.1
Project("{FAE04EC0-301F-11D3-BF4B-00C04F79EFBC}") = "Button-Catch-Game", "Button-Catch-Game.csproj", "{28FA296F-127E-4B6C-8E76-CFF232B88DFC}"
EndProject
Global
	GlobalSection(SolutionConfigurationPlatforms) = preSolution
		Debug|Any CPU = Debug|Any CPU
		Release|Any CPU = Release|Any CPU
	EndGlobalSection
	GlobalSection(ProjectConfigurationPlatforms) = postSolution
		{28FA296F-127E-4B6C-8E76-CFF232B88DFC}.Debug|Any CPU.ActiveCfg = Debug|Any CPU
		{28FA296F-127E-4B6C-8E76-CFF232B88DFC}.Debug|Any CPU.Build.0 = Debug|Any CPU
		{28FA296F-127E-4B6C-8E76-CFF232B88DFC}.Release|Any CPU.ActiveCfg = Release|Any CPU
		{28FA296F-127E-4B6C-8E76-CFF232B88DFC}.Release|Any CPU.Build.0 = Release|Any CPU
	EndGlobalSection
	GlobalSection(SolutionProperties) = preSolution
		HideSolutionNode = FALSE
	EndGlobalSection
	GlobalSection(ExtensibilityGlobals) = postSolution
		SolutionGuid = {0A4CBB28-1C1B-440D-8698-96407C501231}
	EndGlobalSection
EndGlobal
